Microsoft Visual Studio Solution File, Format Version 12.00
# Visual Studio Version 17
VisualStudioVersion = 17.5.2.0
MinimumVisualStudioVersion = 10.0.40219.1
Project("{FAE04EC0-301F-11D3-BF4B-00C04F79EFBC}") = "shoopdora_app", "shoopdora_app.csproj", "{4E354EB6-E71F-EC7A-C7A4-5E7FA5154C83}"
EndProject
Global
	GlobalSection(SolutionConfigurationPlatforms) = preSolution
		Debug|Any CPU = Debug|Any CPU
		Release|Any CPU = Release|Any CPU
	EndGlobalSection
	GlobalSection(ProjectConfigurationPlatforms) = postSolution
		{4E354EB6-E71F-EC7A-C7A4-5E7FA5154C83}.Debug|Any CPU.ActiveCfg = Debug|Any CPU
		{4E354EB6-E71F-EC7A-C7A4-5E7FA5154C83}.Debug|Any CPU.Build.0 = Debug|Any CPU
		{4E354EB6-E71F-EC7A-C7A4-5E7FA5154C83}.Release|Any CPU.ActiveCfg = Release|Any CPU
		{4E354EB6-E71F-EC7A-C7A4-5E7FA5154C83}.Release|Any CPU.Build.0 = Release|Any CPU
	EndGlobalSection
	GlobalSection(SolutionProperties) = preSolution
		HideSolutionNode = FALSE
	EndGlobalSection
	GlobalSection(ExtensibilityGlobals) = postSolution
		SolutionGuid = {F26375A1-C7CB-4F05-927A-46D26EF7556A}
	EndGlobalSection
EndGlobal
